// !$*UTF8*$!
{
	archiveVersion = 1;
	classes = {
	};
	objectVersion = 55;
	objects = {

/* Begin PBXBuildFile section */
		BE39100128AF73D30001163F /* HistoryView.swift in Sources */ = {isa = PBXBuildFile; fileRef = BE39100028AF73D30001163F /* HistoryView.swift */; };
		BE39100528AFAD990001163F /* TrainingPlankView.swift in Sources */ = {isa = PBXBuildFile; fileRef = BE39100428AFAD990001163F /* TrainingPlankView.swift */; };
		BE3F43A228B00FFF0058D50B /* TrainingPushupsView.swift in Sources */ = {isa = PBXBuildFile; fileRef = BE3F43A128B00FFE0058D50B /* TrainingPushupsView.swift */; };
		BE47F86A28AA754C00E80D87 /* Sport_SchoolApp.swift in Sources */ = {isa = PBXBuildFile; fileRef = BE47F86928AA754C00E80D87 /* Sport_SchoolApp.swift */; };
		BE47F86C28AA754C00E80D87 /* ContentView.swift in Sources */ = {isa = PBXBuildFile; fileRef = BE47F86B28AA754C00E80D87 /* ContentView.swift */; };
		BE47F86E28AA755000E80D87 /* Assets.xcassets in Resources */ = {isa = PBXBuildFile; fileRef = BE47F86D28AA755000E80D87 /* Assets.xcassets */; };
		BE47F87128AA755000E80D87 /* Preview Assets.xcassets in Resources */ = {isa = PBXBuildFile; fileRef = BE47F87028AA755000E80D87 /* Preview Assets.xcassets */; };
		BE47F87B28AAC76F00E80D87 /* DescriptionModel.swift in Sources */ = {isa = PBXBuildFile; fileRef = BE47F87A28AAC76F00E80D87 /* DescriptionModel.swift */; };
		BE47F87E28AAC8D500E80D87 /* ScreensTabView.swift in Sources */ = {isa = PBXBuildFile; fileRef = BE47F87D28AAC8D500E80D87 /* ScreensTabView.swift */; };
		BE47F88028AAC95500E80D87 /* MenuViewModel.swift in Sources */ = {isa = PBXBuildFile; fileRef = BE47F87F28AAC95500E80D87 /* MenuViewModel.swift */; };
		BE47F88328AACB4C00E80D87 /* MenuView.swift in Sources */ = {isa = PBXBuildFile; fileRef = BE47F88228AACB4C00E80D87 /* MenuView.swift */; };
		BE47F88A28AB7B1500E80D87 /* GuidanceModel.swift in Sources */ = {isa = PBXBuildFile; fileRef = BE47F88928AB7B1500E80D87 /* GuidanceModel.swift */; };
		BE47F88D28AB7BB300E80D87 /* GuidanceViewModel.swift in Sources */ = {isa = PBXBuildFile; fileRef = BE47F88C28AB7BB300E80D87 /* GuidanceViewModel.swift */; };
		BE47F89028AB981D00E80D87 /* GuidanceView.swift in Sources */ = {isa = PBXBuildFile; fileRef = BE47F88F28AB981D00E80D87 /* GuidanceView.swift */; };
		BECD13A028AEBC3700ECF780 /* SettingsView.swift in Sources */ = {isa = PBXBuildFile; fileRef = BECD139F28AEBC3700ECF780 /* SettingsView.swift */; };
		BECD13A428AECA4300ECF780 /* SettingsViewModel.swift in Sources */ = {isa = PBXBuildFile; fileRef = BECD13A328AECA4300ECF780 /* SettingsViewModel.swift */; };
/* End PBXBuildFile section */

/* Begin PBXFileReference section */
		BE39100028AF73D30001163F /* HistoryView.swift */ = {isa = PBXFileReference; lastKnownFileType = sourcecode.swift; path = HistoryView.swift; sourceTree = "<group>"; };
		BE39100428AFAD990001163F /* TrainingPlankView.swift */ = {isa = PBXFileReference; lastKnownFileType = sourcecode.swift; path = TrainingPlankView.swift; sourceTree = "<group>"; };
		BE3F43A128B00FFE0058D50B /* TrainingPushupsView.swift */ = {isa = PBXFileReference; lastKnownFileType = sourcecode.swift; path = TrainingPushupsView.swift; sourceTree = "<group>"; };
		BE47F86628AA754C00E80D87 /* Sport School.app */ = {isa = PBXFileReference; explicitFileType = wrapper.application; includeInIndex = 0; path = "Sport School.app"; sourceTree = BUILT_PRODUCTS_DIR; };
		BE47F86928AA754C00E80D87 /* Sport_SchoolApp.swift */ = {isa = PBXFileReference; lastKnownFileType = sourcecode.swift; path = Sport_SchoolApp.swift; sourceTree = "<group>"; };
		BE47F86B28AA754C00E80D87 /* ContentView.swift */ = {isa = PBXFileReference; lastKnownFileType = sourcecode.swift; path = ContentView.swift; sourceTree = "<group>"; };
		BE47F86D28AA755000E80D87 /* Assets.xcassets */ = {isa = PBXFileReference; lastKnownFileType = folder.assetcatalog; path = Assets.xcassets; sourceTree = "<group>"; };
		BE47F87028AA755000E80D87 /* Preview Assets.xcassets */ = {isa = PBXFileReference; lastKnownFileType = folder.assetcatalog; path = "Preview Assets.xcassets"; sourceTree = "<group>"; };
		BE47F87A28AAC76F00E80D87 /* DescriptionModel.swift */ = {isa = PBXFileReference; lastKnownFileType = sourcecode.swift; path = DescriptionModel.swift; sourceTree = "<group>"; };
		BE47F87D28AAC8D500E80D87 /* ScreensTabView.swift */ = {isa = PBXFileReference; lastKnownFileType = sourcecode.swift; path = ScreensTabView.swift; sourceTree = "<group>"; };
		BE47F87F28AAC95500E80D87 /* MenuViewModel.swift */ = {isa = PBXFileReference; lastKnownFileType = sourcecode.swift; path = MenuViewModel.swift; sourceTree = "<group>"; };
		BE47F88228AACB4C00E80D87 /* MenuView.swift */ = {isa = PBXFileReference; lastKnownFileType = sourcecode.swift; path = MenuView.swift; sourceTree = "<group>"; };
		BE47F88928AB7B1500E80D87 /* GuidanceModel.swift */ = {isa = PBXFileReference; lastKnownFileType = sourcecode.swift; path = GuidanceModel.swift; sourceTree = "<group>"; };
		BE47F88C28AB7BB300E80D87 /* GuidanceViewModel.swift */ = {isa = PBXFileReference; lastKnownFileType = sourcecode.swift; path = GuidanceViewModel.swift; sourceTree = "<group>"; };
		BE47F88F28AB981D00E80D87 /* GuidanceView.swift */ = {isa = PBXFileReference; lastKnownFileType = sourcecode.swift; path = GuidanceView.swift; sourceTree = "<group>"; };
		BECD139F28AEBC3700ECF780 /* SettingsView.swift */ = {isa = PBXFileReference; lastKnownFileType = sourcecode.swift; path = SettingsView.swift; sourceTree = "<group>"; };
		BECD13A328AECA4300ECF780 /* SettingsViewModel.swift */ = {isa = PBXFileReference; lastKnownFileType = sourcecode.swift; path = SettingsViewModel.swift; sourceTree = "<group>"; };
/* End PBXFileReference section */

/* Begin PBXFrameworksBuildPhase section */
		BE47F86328AA754C00E80D87 /* Frameworks */ = {
			isa = PBXFrameworksBuildPhase;
			buildActionMask = 2147483647;
			files = (
			);
			runOnlyForDeploymentPostprocessing = 0;
		};
/* End PBXFrameworksBuildPhase section */

/* Begin PBXGroup section */
		BE390FFE28AF73B30001163F /* HistoryModule */ = {
			isa = PBXGroup;
			children = (
				BE390FFF28AF73C40001163F /* View */,
			);
			path = HistoryModule;
			sourceTree = "<group>";
		};
		BE390FFF28AF73C40001163F /* View */ = {
			isa = PBXGroup;
			children = (
				BE39100028AF73D30001163F /* HistoryView.swift */,
			);
			path = View;
			sourceTree = "<group>";
		};
		BE39100228AFAD6D0001163F /* TrainingModule */ = {
			isa = PBXGroup;
			children = (
				BE39100328AFAD8A0001163F /* View */,
			);
			path = TrainingModule;
			sourceTree = "<group>";
		};
		BE39100328AFAD8A0001163F /* View */ = {
			isa = PBXGroup;
			children = (
				BE39100428AFAD990001163F /* TrainingPlankView.swift */,
				BE3F43A128B00FFE0058D50B /* TrainingPushupsView.swift */,
			);
			path = View;
			sourceTree = "<group>";
		};
		BE47F85D28AA754C00E80D87 = {
			isa = PBXGroup;
			children = (
				BE47F86828AA754C00E80D87 /* Sport School */,
				BE47F86728AA754C00E80D87 /* Products */,
			);
			sourceTree = "<group>";
		};
		BE47F86728AA754C00E80D87 /* Products */ = {
			isa = PBXGroup;
			children = (
				BE47F86628AA754C00E80D87 /* Sport School.app */,
			);
			name = Products;
			sourceTree = "<group>";
		};
		BE47F86828AA754C00E80D87 /* Sport School */ = {
			isa = PBXGroup;
			children = (
				BE47F86928AA754C00E80D87 /* Sport_SchoolApp.swift */,
				BE47F86B28AA754C00E80D87 /* ContentView.swift */,
				BE47F87D28AAC8D500E80D87 /* ScreensTabView.swift */,
				BE39100228AFAD6D0001163F /* TrainingModule */,
				BE390FFE28AF73B30001163F /* HistoryModule */,
				BECD139E28AEBC2400ECF780 /* SettingsModule */,
				BE47F88828AB766B00E80D87 /* GuidanceModule */,
				BE47F88428AB761900E80D87 /* MenuModule */,
				BE47F86D28AA755000E80D87 /* Assets.xcassets */,
				BE47F86F28AA755000E80D87 /* Preview Content */,
			);
			path = "Sport School";
			sourceTree = "<group>";
		};
		BE47F86F28AA755000E80D87 /* Preview Content */ = {
			isa = PBXGroup;
			children = (
				BE47F87028AA755000E80D87 /* Preview Assets.xcassets */,
			);
			path = "Preview Content";
			sourceTree = "<group>";
		};
		BE47F87928AAC64F00E80D87 /* View */ = {
			isa = PBXGroup;
			children = (
				BE47F88228AACB4C00E80D87 /* MenuView.swift */,
			);
			path = View;
			sourceTree = "<group>";
		};
		BE47F87C28AAC77600E80D87 /* Model */ = {
			isa = PBXGroup;
			children = (
				BE47F87A28AAC76F00E80D87 /* DescriptionModel.swift */,
			);
			path = Model;
			sourceTree = "<group>";
		};
		BE47F88128AAC95A00E80D87 /* ViewModel */ = {
			isa = PBXGroup;
			children = (
				BE47F87F28AAC95500E80D87 /* MenuViewModel.swift */,
			);
			path = ViewModel;
			sourceTree = "<group>";
		};
		BE47F88428AB761900E80D87 /* MenuModule */ = {
			isa = PBXGroup;
			children = (
				BE47F88128AAC95A00E80D87 /* ViewModel */,
				BE47F87C28AAC77600E80D87 /* Model */,
				BE47F87928AAC64F00E80D87 /* View */,
			);
			path = MenuModule;
			sourceTree = "<group>";
		};
		BE47F88828AB766B00E80D87 /* GuidanceModule */ = {
			isa = PBXGroup;
			children = (
				BE47F88B28AB7B4700E80D87 /* Model */,
				BE47F88E28AB7BB800E80D87 /* ViewModel */,
				BE47F89128AB982200E80D87 /* View */,
			);
			path = GuidanceModule;
			sourceTree = "<group>";
		};
		BE47F88B28AB7B4700E80D87 /* Model */ = {
			isa = PBXGroup;
			children = (
				BE47F88928AB7B1500E80D87 /* GuidanceModel.swift */,
			);
			path = Model;
			sourceTree = "<group>";
		};
		BE47F88E28AB7BB800E80D87 /* ViewModel */ = {
			isa = PBXGroup;
			children = (
				BE47F88C28AB7BB300E80D87 /* GuidanceViewModel.swift */,
			);
			path = ViewModel;
			sourceTree = "<group>";
		};
		BE47F89128AB982200E80D87 /* View */ = {
			isa = PBXGroup;
			children = (
				BE47F88F28AB981D00E80D87 /* GuidanceView.swift */,
			);
			path = View;
			sourceTree = "<group>";
		};
		BECD139E28AEBC2400ECF780 /* SettingsModule */ = {
			isa = PBXGroup;
			children = (
				BECD13A228AECA2B00ECF780 /* ViewModel */,
				BECD13A128AECA2500ECF780 /* View */,
			);
			path = SettingsModule;
			sourceTree = "<group>";
		};
		BECD13A128AECA2500ECF780 /* View */ = {
			isa = PBXGroup;
			children = (
				BECD139F28AEBC3700ECF780 /* SettingsView.swift */,
			);
			path = View;
			sourceTree = "<group>";
		};
		BECD13A228AECA2B00ECF780 /* ViewModel */ = {
			isa = PBXGroup;
			children = (
				BECD13A328AECA4300ECF780 /* SettingsViewModel.swift */,
			);
			path = ViewModel;
			sourceTree = "<group>";
		};
/* End PBXGroup section */

/* Begin PBXNativeTarget section */
		BE47F86528AA754C00E80D87 /* Sport School */ = {
			isa = PBXNativeTarget;
			buildConfigurationList = BE47F87428AA755000E80D87 /* Build configuration list for PBXNativeTarget "Sport School" */;
			buildPhases = (
				BE47F86228AA754C00E80D87 /* Sources */,
				BE47F86328AA754C00E80D87 /* Frameworks */,
				BE47F86428AA754C00E80D87 /* Resources */,
			);
			buildRules = (
			);
			dependencies = (
			);
			name = "Sport School";
			productName = "Sport School";
			productReference = BE47F86628AA754C00E80D87 /* Sport School.app */;
			productType = "com.apple.product-type.application";
		};
/* End PBXNativeTarget section */

/* Begin PBXProject section */
		BE47F85E28AA754C00E80D87 /* Project object */ = {
			isa = PBXProject;
			attributes = {
				BuildIndependentTargetsInParallel = 1;
				LastSwiftUpdateCheck = 1340;
				LastUpgradeCheck = 1340;
				TargetAttributes = {
					BE47F86528AA754C00E80D87 = {
						CreatedOnToolsVersion = 13.4.1;
					};
				};
			};
			buildConfigurationList = BE47F86128AA754C00E80D87 /* Build configuration list for PBXProject "Sport School" */;
			compatibilityVersion = "Xcode 13.0";
			developmentRegion = en;
			hasScannedForEncodings = 0;
			knownRegions = (
				en,
				Base,
			);
			mainGroup = BE47F85D28AA754C00E80D87;
			productRefGroup = BE47F86728AA754C00E80D87 /* Products */;
			projectDirPath = "";
			projectRoot = "";
			targets = (
				BE47F86528AA754C00E80D87 /* Sport School */,
			);
		};
/* End PBXProject section */

/* Begin PBXResourcesBuildPhase section */
		BE47F86428AA754C00E80D87 /* Resources */ = {
			isa = PBXResourcesBuildPhase;
			buildActionMask = 2147483647;
			files = (
				BE47F87128AA755000E80D87 /* Preview Assets.xcassets in Resources */,
				BE47F86E28AA755000E80D87 /* Assets.xcassets in Resources */,
			);
			runOnlyForDeploymentPostprocessing = 0;
		};
/* End PBXResourcesBuildPhase section */

/* Begin PBXSourcesBuildPhase section */
		BE47F86228AA754C00E80D87 /* Sources */ = {
			isa = PBXSourcesBuildPhase;
			buildActionMask = 2147483647;
			files = (
				BE47F86C28AA754C00E80D87 /* ContentView.swift in Sources */,
				BE3F43A228B00FFF0058D50B /* TrainingPushupsView.swift in Sources */,
				BE39100128AF73D30001163F /* HistoryView.swift in Sources */,
				BE47F88328AACB4C00E80D87 /* MenuView.swift in Sources */,
				BE47F87B28AAC76F00E80D87 /* DescriptionModel.swift in Sources */,
				BE47F87E28AAC8D500E80D87 /* ScreensTabView.swift in Sources */,
				BE47F88028AAC95500E80D87 /* MenuViewModel.swift in Sources */,
				BECD13A028AEBC3700ECF780 /* SettingsView.swift in Sources */,
				BE47F88A28AB7B1500E80D87 /* GuidanceModel.swift in Sources */,
				BE39100528AFAD990001163F /* TrainingPlankView.swift in Sources */,
				BE47F89028AB981D00E80D87 /* GuidanceView.swift in Sources */,
				BECD13A428AECA4300ECF780 /* SettingsViewModel.swift in Sources */,
				BE47F88D28AB7BB300E80D87 /* GuidanceViewModel.swift in Sources */,
				BE47F86A28AA754C00E80D87 /* Sport_SchoolApp.swift in Sources */,
			);
			runOnlyForDeploymentPostprocessing = 0;
		};
/* End PBXSourcesBuildPhase section */

/* Begin XCBuildConfiguration section */
		BE47F87228AA755000E80D87 /* Debug */ = {
			isa = XCBuildConfiguration;
			buildSettings = {
				ALWAYS_SEARCH_USER_PATHS = NO;
				CLANG_ANALYZER_NONNULL = YES;
				CLANG_ANALYZER_NUMBER_OBJECT_CONVERSION = YES_AGGRESSIVE;
				CLANG_CXX_LANGUAGE_STANDARD = "gnu++17";
				CLANG_ENABLE_MODULES = YES;
				CLANG_ENABLE_OBJC_ARC = YES;
				CLANG_ENABLE_OBJC_WEAK = YES;
				CLANG_WARN_BLOCK_CAPTURE_AUTORELEASING = YES;
				CLANG_WARN_BOOL_CONVERSION = YES;
				CLANG_WARN_COMMA = YES;
				CLANG_WARN_CONSTANT_CONVERSION = YES;
				CLANG_WARN_DEPRECATED_OBJC_IMPLEMENTATIONS = YES;
				CLANG_WARN_DIRECT_OBJC_ISA_USAGE = YES_ERROR;
				CLANG_WARN_DOCUMENTATION_COMMENTS = YES;
				CLANG_WARN_EMPTY_BODY = YES;
				CLANG_WARN_ENUM_CONVERSION = YES;
				CLANG_WARN_INFINITE_RECURSION = YES;
				CLANG_WARN_INT_CONVERSION = YES;
				CLANG_WARN_NON_LITERAL_NULL_CONVERSION = YES;
				CLANG_WARN_OBJC_IMPLICIT_RETAIN_SELF = YES;
				CLANG_WARN_OBJC_LITERAL_CONVERSION = YES;
				CLANG_WARN_OBJC_ROOT_CLASS = YES_ERROR;
				CLANG_WARN_QUOTED_INCLUDE_IN_FRAMEWORK_HEADER = YES;
				CLANG_WARN_RANGE_LOOP_ANALYSIS = YES;
				CLANG_WARN_STRICT_PROTOTYPES = YES;
				CLANG_WARN_SUSPICIOUS_MOVE = YES;
				CLANG_WARN_UNGUARDED_AVAILABILITY = YES_AGGRESSIVE;
				CLANG_WARN_UNREACHABLE_CODE = YES;
				CLANG_WARN__DUPLICATE_METHOD_MATCH = YES;
				COPY_PHASE_STRIP = NO;
				DEBUG_INFORMATION_FORMAT = dwarf;
				ENABLE_STRICT_OBJC_MSGSEND = YES;
				ENABLE_TESTABILITY = YES;
				GCC_C_LANGUAGE_STANDARD = gnu11;
				GCC_DYNAMIC_NO_PIC = NO;
				GCC_NO_COMMON_BLOCKS = YES;
				GCC_OPTIMIZATION_LEVEL = 0;
				GCC_PREPROCESSOR_DEFINITIONS = (
					"DEBUG=1",
					"$(inherited)",
				);
				GCC_WARN_64_TO_32_BIT_CONVERSION = YES;
				GCC_WARN_ABOUT_RETURN_TYPE = YES_ERROR;
				GCC_WARN_UNDECLARED_SELECTOR = YES;
				GCC_WARN_UNINITIALIZED_AUTOS = YES_AGGRESSIVE;
				GCC_WARN_UNUSED_FUNCTION = YES;
				GCC_WARN_UNUSED_VARIABLE = YES;
				IPHONEOS_DEPLOYMENT_TARGET = 15.5;
				MTL_ENABLE_DEBUG_INFO = INCLUDE_SOURCE;
				MTL_FAST_MATH = YES;
				ONLY_ACTIVE_ARCH = YES;
				SDKROOT = iphoneos;
				SWIFT_ACTIVE_COMPILATION_CONDITIONS = DEBUG;
				SWIFT_OPTIMIZATION_LEVEL = "-Onone";
			};
			name = Debug;
		};
		BE47F87328AA755000E80D87 /* Release */ = {
			isa = XCBuildConfiguration;
			buildSettings = {
				ALWAYS_SEARCH_USER_PATHS = NO;
				CLANG_ANALYZER_NONNULL = YES;
				CLANG_ANALYZER_NUMBER_OBJECT_CONVERSION = YES_AGGRESSIVE;
				CLANG_CXX_LANGUAGE_STANDARD = "gnu++17";
				CLANG_ENABLE_MODULES = YES;
				CLANG_ENABLE_OBJC_ARC = YES;
				CLANG_ENABLE_OBJC_WEAK = YES;
				CLANG_WARN_BLOCK_CAPTURE_AUTORELEASING = YES;
				CLANG_WARN_BOOL_CONVERSION = YES;
				CLANG_WARN_COMMA = YES;
				CLANG_WARN_CONSTANT_CONVERSION = YES;
				CLANG_WARN_DEPRECATED_OBJC_IMPLEMENTATIONS = YES;
				CLANG_WARN_DIRECT_OBJC_ISA_USAGE = YES_ERROR;
				CLANG_WARN_DOCUMENTATION_COMMENTS = YES;
				CLANG_WARN_EMPTY_BODY = YES;
				CLANG_WARN_ENUM_CONVERSION = YES;
				CLANG_WARN_INFINITE_RECURSION = YES;
				CLANG_WARN_INT_CONVERSION = YES;
				CLANG_WARN_NON_LITERAL_NULL_CONVERSION = YES;
				CLANG_WARN_OBJC_IMPLICIT_RETAIN_SELF = YES;
				CLANG_WARN_OBJC_LITERAL_CONVERSION = YES;
				CLANG_WARN_OBJC_ROOT_CLASS = YES_ERROR;
				CLANG_WARN_QUOTED_INCLUDE_IN_FRAMEWORK_HEADER = YES;
				CLANG_WARN_RANGE_LOOP_ANALYSIS = YES;
				CLANG_WARN_STRICT_PROTOTYPES = YES;
				CLANG_WARN_SUSPICIOUS_MOVE = YES;
				CLANG_WARN_UNGUARDED_AVAILABILITY = YES_AGGRESSIVE;
				CLANG_WARN_UNREACHABLE_CODE = YES;
				CLANG_WARN__DUPLICATE_METHOD_MATCH = YES;
				COPY_PHASE_STRIP = NO;
				DEBUG_INFORMATION_FORMAT = "dwarf-with-dsym";
				ENABLE_NS_ASSERTIONS = NO;
				ENABLE_STRICT_OBJC_MSGSEND = YES;
				GCC_C_LANGUAGE_STANDARD = gnu11;
				GCC_NO_COMMON_BLOCKS = YES;
				GCC_WARN_64_TO_32_BIT_CONVERSION = YES;
				GCC_WARN_ABOUT_RETURN_TYPE = YES_ERROR;
				GCC_WARN_UNDECLARED_SELECTOR = YES;
				GCC_WARN_UNINITIALIZED_AUTOS = YES_AGGRESSIVE;
				GCC_WARN_UNUSED_FUNCTION = YES;
				GCC_WARN_UNUSED_VARIABLE = YES;
				IPHONEOS_DEPLOYMENT_TARGET = 15.5;
				MTL_ENABLE_DEBUG_INFO = NO;
				MTL_FAST_MATH = YES;
				SDKROOT = iphoneos;
				SWIFT_COMPILATION_MODE = wholemodule;
				SWIFT_OPTIMIZATION_LEVEL = "-O";
				VALIDATE_PRODUCT = YES;
			};
			name = Release;
		};
		BE47F87528AA755000E80D87 /* Debug */ = {
			isa = XCBuildConfiguration;
			buildSettings = {
				ASSETCATALOG_COMPILER_APPICON_NAME = AppIcon;
				ASSETCATALOG_COMPILER_GLOBAL_ACCENT_COLOR_NAME = AccentColor;
				CODE_SIGN_STYLE = Automatic;
				CURRENT_PROJECT_VERSION = 1;
				DEVELOPMENT_ASSET_PATHS = "\"Sport School/Preview Content\"";
				DEVELOPMENT_TEAM = H5W6DUL8QB;
				ENABLE_PREVIEWS = YES;
				GENERATE_INFOPLIST_FILE = YES;
				INFOPLIST_KEY_UIApplicationSceneManifest_Generation = YES;
				INFOPLIST_KEY_UIApplicationSupportsIndirectInputEvents = YES;
				INFOPLIST_KEY_UILaunchScreen_Generation = YES;
				INFOPLIST_KEY_UISupportedInterfaceOrientations_iPad = "UIInterfaceOrientationPortrait UIInterfaceOrientationPortraitUpsideDown UIInterfaceOrientationLandscapeLeft UIInterfaceOrientationLandscapeRight";
				INFOPLIST_KEY_UISupportedInterfaceOrientations_iPhone = "UIInterfaceOrientationPortrait UIInterfaceOrientationLandscapeLeft UIInterfaceOrientationLandscapeRight";
				LD_RUNPATH_SEARCH_PATHS = (
					"$(inherited)",
					"@executable_path/Frameworks",
				);
				MARKETING_VERSION = 1.0;
				PRODUCT_BUNDLE_IDENTIFIER = "Vinyar-project.Sport-School";
				PRODUCT_NAME = "$(TARGET_NAME)";
				SWIFT_EMIT_LOC_STRINGS = YES;
				SWIFT_VERSION = 5.0;
				TARGETED_DEVICE_FAMILY = "1,2";
			};
			name = Debug;
		};
		BE47F87628AA755000E80D87 /* Release */ = {
			isa = XCBuildConfiguration;
			buildSettings = {
				ASSETCATALOG_COMPILER_APPICON_NAME = AppIcon;
				ASSETCATALOG_COMPILER_GLOBAL_ACCENT_COLOR_NAME = AccentColor;
				CODE_SIGN_STYLE = Automatic;
				CURRENT_PROJECT_VERSION = 1;
				DEVELOPMENT_ASSET_PATHS = "\"Sport School/Preview Content\"";
				DEVELOPMENT_TEAM = H5W6DUL8QB;
				ENABLE_PREVIEWS = YES;
				GENERATE_INFOPLIST_FILE = YES;
				INFOPLIST_KEY_UIApplicationSceneManifest_Generation = YES;
				INFOPLIST_KEY_UIApplicationSupportsIndirectInputEvents = YES;
				INFOPLIST_KEY_UILaunchScreen_Generation = YES;
				INFOPLIST_KEY_UISupportedInterfaceOrientations_iPad = "UIInterfaceOrientationPortrait UIInterfaceOrientationPortraitUpsideDown UIInterfaceOrientationLandscapeLeft UIInterfaceOrientationLandscapeRight";
				INFOPLIST_KEY_UISupportedInterfaceOrientations_iPhone = "UIInterfaceOrientationPortrait UIInterfaceOrientationLandscapeLeft UIInterfaceOrientationLandscapeRight";
				LD_RUNPATH_SEARCH_PATHS = (
					"$(inherited)",
					"@executable_path/Frameworks",
				);
				MARKETING_VERSION = 1.0;
				PRODUCT_BUNDLE_IDENTIFIER = "Vinyar-project.Sport-School";
				PRODUCT_NAME = "$(TARGET_NAME)";
				SWIFT_EMIT_LOC_STRINGS = YES;
				SWIFT_VERSION = 5.0;
				TARGETED_DEVICE_FAMILY = "1,2";
			};
			name = Release;
		};
/* End XCBuildConfiguration section */

/* Begin XCConfigurationList section */
		BE47F86128AA754C00E80D87 /* Build configuration list for PBXProject "Sport School" */ = {
			isa = XCConfigurationList;
			buildConfigurations = (
				BE47F87228AA755000E80D87 /* Debug */,
				BE47F87328AA755000E80D87 /* Release */,
			);
			defaultConfigurationIsVisible = 0;
			defaultConfigurationName = Release;
		};
		BE47F87428AA755000E80D87 /* Build configuration list for PBXNativeTarget "Sport School" */ = {
			isa = XCConfigurationList;
			buildConfigurations = (
				BE47F87528AA755000E80D87 /* Debug */,
				BE47F87628AA755000E80D87 /* Release */,
			);
			defaultConfigurationIsVisible = 0;
			defaultConfigurationName = Release;
		};
/* End XCConfigurationList section */
	};
	rootObject = BE47F85E28AA754C00E80D87 /* Project object */;
}
